
Microsoft Visual Studio Solution File, Format Version 12.00
# Visual Studio 15
Project("{FAE04EC0-301F-11D3-BF4B-00C04F79EFBC}") = "2018-11-03-VRTest", "2018-11-03-VRTest.csproj", "{C3A7B17A-5C96-E2C4-4C64-7789E40BC132}"
EndProject
Project("{FAE04EC0-301F-11D3-BF4B-00C04F79EFBC}") = "2018-11-03-VRTest.Editor", "2018-11-03-VRTest.Editor.csproj", "{A445D386-DE95-0247-3379-694BF82D4795}"
EndProject
Global
	GlobalSection(SolutionConfigurationPlatforms) = preSolution
		Debug|Any CPU = Debug|Any CPU
		Release|Any CPU = Release|Any CPU
	EndGlobalSection
	GlobalSection(ProjectConfigurationPlatforms) = postSolution
		{C3A7B17A-5C96-E2C4-4C64-7789E40BC132}.Debug|Any CPU.ActiveCfg = Debug|Any CPU
		{C3A7B17A-5C96-E2C4-4C64-7789E40BC132}.Debug|Any CPU.Build.0 = Debug|Any CPU
		{C3A7B17A-5C96-E2C4-4C64-7789E40BC132}.Release|Any CPU.ActiveCfg = Release|Any CPU
		{C3A7B17A-5C96-E2C4-4C64-7789E40BC132}.Release|Any CPU.Build.0 = Release|Any CPU
		{A445D386-DE95-0247-3379-694BF82D4795}.Debug|Any CPU.ActiveCfg = Debug|Any CPU
		{A445D386-DE95-0247-3379-694BF82D4795}.Debug|Any CPU.Build.0 = Debug|Any CPU
		{A445D386-DE95-0247-3379-694BF82D4795}.Release|Any CPU.ActiveCfg = Release|Any CPU
		{A445D386-DE95-0247-3379-694BF82D4795}.Release|Any CPU.Build.0 = Release|Any CPU
	EndGlobalSection
	GlobalSection(SolutionProperties) = preSolution
		HideSolutionNode = FALSE
	EndGlobalSection
EndGlobal
